// !$*UTF8*$!
{
	archiveVersion = 1;
	classes = {
	};
	objectVersion = 56;
	objects = {

/* Begin PBXBuildFile section */
		4D72753329D439BF00BB7556 /* .gitignore in Resources */ = {isa = PBXBuildFile; fileRef = 4D72753229D439BF00BB7556 /* .gitignore */; };
		4DFA96AA29CDE4EE007116CF /* AppDelegate.swift in Sources */ = {isa = PBXBuildFile; fileRef = 4DFA96A929CDE4EE007116CF /* AppDelegate.swift */; };
		4DFA96AC29CDE4EE007116CF /* SceneDelegate.swift in Sources */ = {isa = PBXBuildFile; fileRef = 4DFA96AB29CDE4EE007116CF /* SceneDelegate.swift */; };
		4DFA96AE29CDE4EE007116CF /* ViewController.swift in Sources */ = {isa = PBXBuildFile; fileRef = 4DFA96AD29CDE4EE007116CF /* ViewController.swift */; };
		4DFA96B129CDE4EE007116CF /* Main.storyboard in Resources */ = {isa = PBXBuildFile; fileRef = 4DFA96AF29CDE4EE007116CF /* Main.storyboard */; };
		4DFA96B329CDE4F0007116CF /* Assets.xcassets in Resources */ = {isa = PBXBuildFile; fileRef = 4DFA96B229CDE4F0007116CF /* Assets.xcassets */; };
		4DFA96B629CDE4F0007116CF /* LaunchScreen.storyboard in Resources */ = {isa = PBXBuildFile; fileRef = 4DFA96B429CDE4F0007116CF /* LaunchScreen.storyboard */; };
		5D6349E12E44DBEA1405BD7B /* Pods_MapsIndoorsGettingStarted_Google.framework in Frameworks */ = {isa = PBXBuildFile; fileRef = 4621C40EDB314561D7AD8FFC /* Pods_MapsIndoorsGettingStarted_Google.framework */; };
/* End PBXBuildFile section */

/* Begin PBXFileReference section */
		12EEDD14583EF931C5AA8995 /* Pods-MapsIndoorsGettingStarted-Google.debug.xcconfig */ = {isa = PBXFileReference; includeInIndex = 1; lastKnownFileType = text.xcconfig; name = "Pods-MapsIndoorsGettingStarted-Google.debug.xcconfig"; path = "Target Support Files/Pods-MapsIndoorsGettingStarted-Google/Pods-MapsIndoorsGettingStarted-Google.debug.xcconfig"; sourceTree = "<group>"; };
		4621C40EDB314561D7AD8FFC /* Pods_MapsIndoorsGettingStarted_Google.framework */ = {isa = PBXFileReference; explicitFileType = wrapper.framework; includeInIndex = 0; path = Pods_MapsIndoorsGettingStarted_Google.framework; sourceTree = BUILT_PRODUCTS_DIR; };
		4D72753229D439BF00BB7556 /* .gitignore */ = {isa = PBXFileReference; lastKnownFileType = text; path = .gitignore; sourceTree = "<group>"; };
		4DFA96A629CDE4EE007116CF /* MapsIndoorsGettingStarted-Google.app */ = {isa = PBXFileReference; explicitFileType = wrapper.application; includeInIndex = 0; path = "MapsIndoorsGettingStarted-Google.app"; sourceTree = BUILT_PRODUCTS_DIR; };
		4DFA96A929CDE4EE007116CF /* AppDelegate.swift */ = {isa = PBXFileReference; lastKnownFileType = sourcecode.swift; path = AppDelegate.swift; sourceTree = "<group>"; };
		4DFA96AB29CDE4EE007116CF /* SceneDelegate.swift */ = {isa = PBXFileReference; lastKnownFileType = sourcecode.swift; path = SceneDelegate.swift; sourceTree = "<group>"; };
		4DFA96AD29CDE4EE007116CF /* ViewController.swift */ = {isa = PBXFileReference; lastKnownFileType = sourcecode.swift; path = ViewController.swift; sourceTree = "<group>"; };
		4DFA96B029CDE4EE007116CF /* Base */ = {isa = PBXFileReference; lastKnownFileType = file.storyboard; name = Base; path = Base.lproj/Main.storyboard; sourceTree = "<group>"; };
		4DFA96B229CDE4F0007116CF /* Assets.xcassets */ = {isa = PBXFileReference; lastKnownFileType = folder.assetcatalog; path = Assets.xcassets; sourceTree = "<group>"; };
		4DFA96B529CDE4F0007116CF /* Base */ = {isa = PBXFileReference; lastKnownFileType = file.storyboard; name = Base; path = Base.lproj/LaunchScreen.storyboard; sourceTree = "<group>"; };
		4DFA96B729CDE4F0007116CF /* Info.plist */ = {isa = PBXFileReference; lastKnownFileType = text.plist.xml; path = Info.plist; sourceTree = "<group>"; };
		90B6AE2C8AEA8FE28852A219 /* Pods-MapsIndoorsGettingStarted-Google.release.xcconfig */ = {isa = PBXFileReference; includeInIndex = 1; lastKnownFileType = text.xcconfig; name = "Pods-MapsIndoorsGettingStarted-Google.release.xcconfig"; path = "Target Support Files/Pods-MapsIndoorsGettingStarted-Google/Pods-MapsIndoorsGettingStarted-Google.release.xcconfig"; sourceTree = "<group>"; };
/* End PBXFileReference section */

/* Begin PBXFrameworksBuildPhase section */
		4DFA96A329CDE4EE007116CF /* Frameworks */ = {
			isa = PBXFrameworksBuildPhase;
			buildActionMask = 2147483647;
			files = (
				5D6349E12E44DBEA1405BD7B /* Pods_MapsIndoorsGettingStarted_Google.framework in Frameworks */,
			);
			runOnlyForDeploymentPostprocessing = 0;
		};
/* End PBXFrameworksBuildPhase section */

/* Begin PBXGroup section */
		17201B09CA019C57868DCEEC /* Pods */ = {
			isa = PBXGroup;
			children = (
				12EEDD14583EF931C5AA8995 /* Pods-MapsIndoorsGettingStarted-Google.debug.xcconfig */,
				90B6AE2C8AEA8FE28852A219 /* Pods-MapsIndoorsGettingStarted-Google.release.xcconfig */,
			);
			path = Pods;
			sourceTree = "<group>";
		};
		4DFA969D29CDE4EE007116CF = {
			isa = PBXGroup;
			children = (
				4DFA96A829CDE4EE007116CF /* MapsIndoorsGettingStarted-Google */,
				4DFA96A729CDE4EE007116CF /* Products */,
				17201B09CA019C57868DCEEC /* Pods */,
				B644ED36070668DD7989D5D4 /* Frameworks */,
			);
			sourceTree = "<group>";
		};
		4DFA96A729CDE4EE007116CF /* Products */ = {
			isa = PBXGroup;
			children = (
				4DFA96A629CDE4EE007116CF /* MapsIndoorsGettingStarted-Google.app */,
			);
			name = Products;
			sourceTree = "<group>";
		};
		4DFA96A829CDE4EE007116CF /* MapsIndoorsGettingStarted-Google */ = {
			isa = PBXGroup;
			children = (
				4DFA96A929CDE4EE007116CF /* AppDelegate.swift */,
				4DFA96AB29CDE4EE007116CF /* SceneDelegate.swift */,
				4DFA96AD29CDE4EE007116CF /* ViewController.swift */,
				4DFA96AF29CDE4EE007116CF /* Main.storyboard */,
				4DFA96B229CDE4F0007116CF /* Assets.xcassets */,
				4DFA96B429CDE4F0007116CF /* LaunchScreen.storyboard */,
				4DFA96B729CDE4F0007116CF /* Info.plist */,
				4D72753229D439BF00BB7556 /* .gitignore */,
			);
			path = "MapsIndoorsGettingStarted-Google";
			sourceTree = "<group>";
		};
		B644ED36070668DD7989D5D4 /* Frameworks */ = {
			isa = PBXGroup;
			children = (
				4621C40EDB314561D7AD8FFC /* Pods_MapsIndoorsGettingStarted_Google.framework */,
			);
			name = Frameworks;
			sourceTree = "<group>";
		};
/* End PBXGroup section */

/* Begin PBXNativeTarget section */
		4DFA96A529CDE4EE007116CF /* MapsIndoorsGettingStarted-Google */ = {
			isa = PBXNativeTarget;
			buildConfigurationList = 4DFA96BA29CDE4F0007116CF /* Build configuration list for PBXNativeTarget "MapsIndoorsGettingStarted-Google" */;
			buildPhases = (
				80BBCB53B2CF2AD138AE2A54 /* [CP] Check Pods Manifest.lock */,
				4DFA96A229CDE4EE007116CF /* Sources */,
				4DFA96A329CDE4EE007116CF /* Frameworks */,
				4DFA96A429CDE4EE007116CF /* Resources */,
				35B352395554822B0E2556BE /* [CP] Embed Pods Frameworks */,
				6856E33042578A715E92FBC1 /* [CP] Copy Pods Resources */,
			);
			buildRules = (
			);
			dependencies = (
			);
			name = "MapsIndoorsGettingStarted-Google";
			productName = "MapsIndoorsGettingStarted-Google";
			productReference = 4DFA96A629CDE4EE007116CF /* MapsIndoorsGettingStarted-Google.app */;
			productType = "com.apple.product-type.application";
		};
/* End PBXNativeTarget section */

/* Begin PBXProject section */
		4DFA969E29CDE4EE007116CF /* Project object */ = {
			isa = PBXProject;
			attributes = {
				BuildIndependentTargetsInParallel = 1;
				LastSwiftUpdateCheck = 1420;
				LastUpgradeCheck = 1420;
				TargetAttributes = {
					4DFA96A529CDE4EE007116CF = {
						CreatedOnToolsVersion = 14.2;
					};
				};
			};
			buildConfigurationList = 4DFA96A129CDE4EE007116CF /* Build configuration list for PBXProject "MapsIndoorsGettingStarted-Google" */;
			compatibilityVersion = "Xcode 14.0";
			developmentRegion = en;
			hasScannedForEncodings = 0;
			knownRegions = (
				en,
				Base,
			);
			mainGroup = 4DFA969D29CDE4EE007116CF;
			productRefGroup = 4DFA96A729CDE4EE007116CF /* Products */;
			projectDirPath = "";
			projectRoot = "";
			targets = (
				4DFA96A529CDE4EE007116CF /* MapsIndoorsGettingStarted-Google */,
			);
		};
/* End PBXProject section */

/* Begin PBXResourcesBuildPhase section */
		4DFA96A429CDE4EE007116CF /* Resources */ = {
			isa = PBXResourcesBuildPhase;
			buildActionMask = 2147483647;
			files = (
				4D72753329D439BF00BB7556 /* .gitignore in Resources */,
				4DFA96B629CDE4F0007116CF /* LaunchScreen.storyboard in Resources */,
				4DFA96B329CDE4F0007116CF /* Assets.xcassets in Resources */,
				4DFA96B129CDE4EE007116CF /* Main.storyboard in Resources */,
			);
			runOnlyForDeploymentPostprocessing = 0;
		};
/* End PBXResourcesBuildPhase section */

/* Begin PBXShellScriptBuildPhase section */
		35B352395554822B0E2556BE /* [CP] Embed Pods Frameworks */ = {
			isa = PBXShellScriptBuildPhase;
			buildActionMask = 2147483647;
			files = (
			);
			inputFileListPaths = (
				"${PODS_ROOT}/Target Support Files/Pods-MapsIndoorsGettingStarted-Google/Pods-MapsIndoorsGettingStarted-Google-frameworks-${CONFIGURATION}-input-files.xcfilelist",
			);
			name = "[CP] Embed Pods Frameworks";
			outputFileListPaths = (
				"${PODS_ROOT}/Target Support Files/Pods-MapsIndoorsGettingStarted-Google/Pods-MapsIndoorsGettingStarted-Google-frameworks-${CONFIGURATION}-output-files.xcfilelist",
			);
			runOnlyForDeploymentPostprocessing = 0;
			shellPath = /bin/sh;
			shellScript = "\"${PODS_ROOT}/Target Support Files/Pods-MapsIndoorsGettingStarted-Google/Pods-MapsIndoorsGettingStarted-Google-frameworks.sh\"\n";
			showEnvVarsInLog = 0;
		};
		6856E33042578A715E92FBC1 /* [CP] Copy Pods Resources */ = {
			isa = PBXShellScriptBuildPhase;
			buildActionMask = 2147483647;
			files = (
			);
			inputFileListPaths = (
				"${PODS_ROOT}/Target Support Files/Pods-MapsIndoorsGettingStarted-Google/Pods-MapsIndoorsGettingStarted-Google-resources-${CONFIGURATION}-input-files.xcfilelist",
			);
			name = "[CP] Copy Pods Resources";
			outputFileListPaths = (
				"${PODS_ROOT}/Target Support Files/Pods-MapsIndoorsGettingStarted-Google/Pods-MapsIndoorsGettingStarted-Google-resources-${CONFIGURATION}-output-files.xcfilelist",
			);
			runOnlyForDeploymentPostprocessing = 0;
			shellPath = /bin/sh;
			shellScript = "\"${PODS_ROOT}/Target Support Files/Pods-MapsIndoorsGettingStarted-Google/Pods-MapsIndoorsGettingStarted-Google-resources.sh\"\n";
			showEnvVarsInLog = 0;
		};
		80BBCB53B2CF2AD138AE2A54 /* [CP] Check Pods Manifest.lock */ = {
			isa = PBXShellScriptBuildPhase;
			buildActionMask = 2147483647;
			files = (
			);
			inputFileListPaths = (
			);
			inputPaths = (
				"${PODS_PODFILE_DIR_PATH}/Podfile.lock",
				"${PODS_ROOT}/Manifest.lock",
			);
			name = "[CP] Check Pods Manifest.lock";
			outputFileListPaths = (
			);
			outputPaths = (
				"$(DERIVED_FILE_DIR)/Pods-MapsIndoorsGettingStarted-Google-checkManifestLockResult.txt",
			);
			runOnlyForDeploymentPostprocessing = 0;
			shellPath = /bin/sh;
			shellScript = "diff \"${PODS_PODFILE_DIR_PATH}/Podfile.lock\" \"${PODS_ROOT}/Manifest.lock\" > /dev/null\nif [ $? != 0 ] ; then\n    # print error to STDERR\n    echo \"error: The sandbox is not in sync with the Podfile.lock. Run 'pod install' or update your CocoaPods installation.\" >&2\n    exit 1\nfi\n# This output is used by Xcode 'outputs' to avoid re-running this script phase.\necho \"SUCCESS\" > \"${SCRIPT_OUTPUT_FILE_0}\"\n";
			showEnvVarsInLog = 0;
		};
/* End PBXShellScriptBuildPhase section */

/* Begin PBXSourcesBuildPhase section */
		4DFA96A229CDE4EE007116CF /* Sources */ = {
			isa = PBXSourcesBuildPhase;
			buildActionMask = 2147483647;
			files = (
				4DFA96AE29CDE4EE007116CF /* ViewController.swift in Sources */,
				4DFA96AA29CDE4EE007116CF /* AppDelegate.swift in Sources */,
				4DFA96AC29CDE4EE007116CF /* SceneDelegate.swift in Sources */,
			);
			runOnlyForDeploymentPostprocessing = 0;
		};
/* End PBXSourcesBuildPhase section */

/* Begin PBXVariantGroup section */
		4DFA96AF29CDE4EE007116CF /* Main.storyboard */ = {
			isa = PBXVariantGroup;
			children = (
				4DFA96B029CDE4EE007116CF /* Base */,
			);
			name = Main.storyboard;
			sourceTree = "<group>";
		};
		4DFA96B429CDE4F0007116CF /* LaunchScreen.storyboard */ = {
			isa = PBXVariantGroup;
			children = (
				4DFA96B529CDE4F0007116CF /* Base */,
			);
			name = LaunchScreen.storyboard;
			sourceTree = "<group>";
		};
/* End PBXVariantGroup section */

/* Begin XCBuildConfiguration section */
		4DFA96B829CDE4F0007116CF /* Debug */ = {
			isa = XCBuildConfiguration;
			buildSettings = {
				ALWAYS_SEARCH_USER_PATHS = NO;
				CLANG_ANALYZER_NONNULL = YES;
				CLANG_ANALYZER_NUMBER_OBJECT_CONVERSION = YES_AGGRESSIVE;
				CLANG_CXX_LANGUAGE_STANDARD = "gnu++20";
				CLANG_ENABLE_MODULES = YES;
				CLANG_ENABLE_OBJC_ARC = YES;
				CLANG_ENABLE_OBJC_WEAK = YES;
				CLANG_WARN_BLOCK_CAPTURE_AUTORELEASING = YES;
				CLANG_WARN_BOOL_CONVERSION = YES;
				CLANG_WARN_COMMA = YES;
				CLANG_WARN_CONSTANT_CONVERSION = YES;
				CLANG_WARN_DEPRECATED_OBJC_IMPLEMENTATIONS = YES;
				CLANG_WARN_DIRECT_OBJC_ISA_USAGE = YES_ERROR;
				CLANG_WARN_DOCUMENTATION_COMMENTS = YES;
				CLANG_WARN_EMPTY_BODY = YES;
				CLANG_WARN_ENUM_CONVERSION = YES;
				CLANG_WARN_INFINITE_RECURSION = YES;
				CLANG_WARN_INT_CONVERSION = YES;
				CLANG_WARN_NON_LITERAL_NULL_CONVERSION = YES;
				CLANG_WARN_OBJC_IMPLICIT_RETAIN_SELF = YES;
				CLANG_WARN_OBJC_LITERAL_CONVERSION = YES;
				CLANG_WARN_OBJC_ROOT_CLASS = YES_ERROR;
				CLANG_WARN_QUOTED_INCLUDE_IN_FRAMEWORK_HEADER = YES;
				CLANG_WARN_RANGE_LOOP_ANALYSIS = YES;
				CLANG_WARN_STRICT_PROTOTYPES = YES;
				CLANG_WARN_SUSPICIOUS_MOVE = YES;
				CLANG_WARN_UNGUARDED_AVAILABILITY = YES_AGGRESSIVE;
				CLANG_WARN_UNREACHABLE_CODE = YES;
				CLANG_WARN__DUPLICATE_METHOD_MATCH = YES;
				COPY_PHASE_STRIP = NO;
				DEBUG_INFORMATION_FORMAT = dwarf;
				ENABLE_STRICT_OBJC_MSGSEND = YES;
				ENABLE_TESTABILITY = YES;
				GCC_C_LANGUAGE_STANDARD = gnu11;
				GCC_DYNAMIC_NO_PIC = NO;
				GCC_NO_COMMON_BLOCKS = YES;
				GCC_OPTIMIZATION_LEVEL = 0;
				GCC_PREPROCESSOR_DEFINITIONS = (
					"DEBUG=1",
					"$(inherited)",
				);
				GCC_WARN_64_TO_32_BIT_CONVERSION = YES;
				GCC_WARN_ABOUT_RETURN_TYPE = YES_ERROR;
				GCC_WARN_UNDECLARED_SELECTOR = YES;
				GCC_WARN_UNINITIALIZED_AUTOS = YES_AGGRESSIVE;
				GCC_WARN_UNUSED_FUNCTION = YES;
				GCC_WARN_UNUSED_VARIABLE = YES;
				IPHONEOS_DEPLOYMENT_TARGET = 16.2;
				MTL_ENABLE_DEBUG_INFO = INCLUDE_SOURCE;
				MTL_FAST_MATH = YES;
				ONLY_ACTIVE_ARCH = YES;
				SDKROOT = iphoneos;
				SWIFT_ACTIVE_COMPILATION_CONDITIONS = DEBUG;
				SWIFT_OPTIMIZATION_LEVEL = "-Onone";
			};
			name = Debug;
		};
		4DFA96B929CDE4F0007116CF /* Release */ = {
			isa = XCBuildConfiguration;
			buildSettings = {
				ALWAYS_SEARCH_USER_PATHS = NO;
				CLANG_ANALYZER_NONNULL = YES;
				CLANG_ANALYZER_NUMBER_OBJECT_CONVERSION = YES_AGGRESSIVE;
				CLANG_CXX_LANGUAGE_STANDARD = "gnu++20";
				CLANG_ENABLE_MODULES = YES;
				CLANG_ENABLE_OBJC_ARC = YES;
				CLANG_ENABLE_OBJC_WEAK = YES;
				CLANG_WARN_BLOCK_CAPTURE_AUTORELEASING = YES;
				CLANG_WARN_BOOL_CONVERSION = YES;
				CLANG_WARN_COMMA = YES;
				CLANG_WARN_CONSTANT_CONVERSION = YES;
				CLANG_WARN_DEPRECATED_OBJC_IMPLEMENTATIONS = YES;
				CLANG_WARN_DIRECT_OBJC_ISA_USAGE = YES_ERROR;
				CLANG_WARN_DOCUMENTATION_COMMENTS = YES;
				CLANG_WARN_EMPTY_BODY = YES;
				CLANG_WARN_ENUM_CONVERSION = YES;
				CLANG_WARN_INFINITE_RECURSION = YES;
				CLANG_WARN_INT_CONVERSION = YES;
				CLANG_WARN_NON_LITERAL_NULL_CONVERSION = YES;
				CLANG_WARN_OBJC_IMPLICIT_RETAIN_SELF = YES;
				CLANG_WARN_OBJC_LITERAL_CONVERSION = YES;
				CLANG_WARN_OBJC_ROOT_CLASS = YES_ERROR;
				CLANG_WARN_QUOTED_INCLUDE_IN_FRAMEWORK_HEADER = YES;
				CLANG_WARN_RANGE_LOOP_ANALYSIS = YES;
				CLANG_WARN_STRICT_PROTOTYPES = YES;
				CLANG_WARN_SUSPICIOUS_MOVE = YES;
				CLANG_WARN_UNGUARDED_AVAILABILITY = YES_AGGRESSIVE;
				CLANG_WARN_UNREACHABLE_CODE = YES;
				CLANG_WARN__DUPLICATE_METHOD_MATCH = YES;
				COPY_PHASE_STRIP = NO;
				DEBUG_INFORMATION_FORMAT = "dwarf-with-dsym";
				ENABLE_NS_ASSERTIONS = NO;
				ENABLE_STRICT_OBJC_MSGSEND = YES;
				GCC_C_LANGUAGE_STANDARD = gnu11;
				GCC_NO_COMMON_BLOCKS = YES;
				GCC_WARN_64_TO_32_BIT_CONVERSION = YES;
				GCC_WARN_ABOUT_RETURN_TYPE = YES_ERROR;
				GCC_WARN_UNDECLARED_SELECTOR = YES;
				GCC_WARN_UNINITIALIZED_AUTOS = YES_AGGRESSIVE;
				GCC_WARN_UNUSED_FUNCTION = YES;
				GCC_WARN_UNUSED_VARIABLE = YES;
				IPHONEOS_DEPLOYMENT_TARGET = 16.2;
				MTL_ENABLE_DEBUG_INFO = NO;
				MTL_FAST_MATH = YES;
				SDKROOT = iphoneos;
				SWIFT_COMPILATION_MODE = wholemodule;
				SWIFT_OPTIMIZATION_LEVEL = "-O";
				VALIDATE_PRODUCT = YES;
			};
			name = Release;
		};
		4DFA96BB29CDE4F0007116CF /* Debug */ = {
			isa = XCBuildConfiguration;
			baseConfigurationReference = 12EEDD14583EF931C5AA8995 /* Pods-MapsIndoorsGettingStarted-Google.debug.xcconfig */;
			buildSettings = {
				ASSETCATALOG_COMPILER_APPICON_NAME = AppIcon;
				ASSETCATALOG_COMPILER_GLOBAL_ACCENT_COLOR_NAME = AccentColor;
				CODE_SIGN_STYLE = Automatic;
				CURRENT_PROJECT_VERSION = 1;
				DEVELOPMENT_TEAM = A8V6656PYZ;
				GENERATE_INFOPLIST_FILE = YES;
				INFOPLIST_FILE = "MapsIndoorsGettingStarted-Google/Info.plist";
				INFOPLIST_KEY_UIApplicationSupportsIndirectInputEvents = YES;
				INFOPLIST_KEY_UILaunchStoryboardName = LaunchScreen;
				INFOPLIST_KEY_UIMainStoryboardFile = Main;
				INFOPLIST_KEY_UISupportedInterfaceOrientations_iPad = "UIInterfaceOrientationPortrait UIInterfaceOrientationPortraitUpsideDown UIInterfaceOrientationLandscapeLeft UIInterfaceOrientationLandscapeRight";
				INFOPLIST_KEY_UISupportedInterfaceOrientations_iPhone = "UIInterfaceOrientationPortrait UIInterfaceOrientationLandscapeLeft UIInterfaceOrientationLandscapeRight";
				IPHONEOS_DEPLOYMENT_TARGET = 15.0;
				LD_RUNPATH_SEARCH_PATHS = (
					"$(inherited)",
					"@executable_path/Frameworks",
				);
				MARKETING_VERSION = 1.0;
				PRODUCT_BUNDLE_IDENTIFIER = "com.mapspeople.MapsIndoorsGettingStarted-Google";
				PRODUCT_NAME = "$(TARGET_NAME)";
				SUPPORTED_PLATFORMS = "iphoneos iphonesimulator";
				SUPPORTS_MACCATALYST = NO;
				SUPPORTS_MAC_DESIGNED_FOR_IPHONE_IPAD = NO;
				SWIFT_EMIT_LOC_STRINGS = YES;
				SWIFT_VERSION = 5.0;
				TARGETED_DEVICE_FAMILY = "1,2";
			};
			name = Debug;
		};
		4DFA96BC29CDE4F0007116CF /* Release */ = {
			isa = XCBuildConfiguration;
			baseConfigurationReference = 90B6AE2C8AEA8FE28852A219 /* Pods-MapsIndoorsGettingStarted-Google.release.xcconfig */;
			buildSettings = {
				ASSETCATALOG_COMPILER_APPICON_NAME = AppIcon;
				ASSETCATALOG_COMPILER_GLOBAL_ACCENT_COLOR_NAME = AccentColor;
				CODE_SIGN_STYLE = Automatic;
				CURRENT_PROJECT_VERSION = 1;
				DEVELOPMENT_TEAM = A8V6656PYZ;
				GENERATE_INFOPLIST_FILE = YES;
				INFOPLIST_FILE = "MapsIndoorsGettingStarted-Google/Info.plist";
				INFOPLIST_KEY_UIApplicationSupportsIndirectInputEvents = YES;
				INFOPLIST_KEY_UILaunchStoryboardName = LaunchScreen;
				INFOPLIST_KEY_UIMainStoryboardFile = Main;
				INFOPLIST_KEY_UISupportedInterfaceOrientations_iPad = "UIInterfaceOrientationPortrait UIInterfaceOrientationPortraitUpsideDown UIInterfaceOrientationLandscapeLeft UIInterfaceOrientationLandscapeRight";
				INFOPLIST_KEY_UISupportedInterfaceOrientations_iPhone = "UIInterfaceOrientationPortrait UIInterfaceOrientationLandscapeLeft UIInterfaceOrientationLandscapeRight";
				IPHONEOS_DEPLOYMENT_TARGET = 15.0;
				LD_RUNPATH_SEARCH_PATHS = (
					"$(inherited)",
					"@executable_path/Frameworks",
				);
				MARKETING_VERSION = 1.0;
				PRODUCT_BUNDLE_IDENTIFIER = "com.mapspeople.MapsIndoorsGettingStarted-Google";
				PRODUCT_NAME = "$(TARGET_NAME)";
				SUPPORTED_PLATFORMS = "iphoneos iphonesimulator";
				SUPPORTS_MACCATALYST = NO;
				SUPPORTS_MAC_DESIGNED_FOR_IPHONE_IPAD = NO;
				SWIFT_EMIT_LOC_STRINGS = YES;
				SWIFT_VERSION = 5.0;
				TARGETED_DEVICE_FAMILY = "1,2";
			};
			name = Release;
		};
/* End XCBuildConfiguration section */

/* Begin XCConfigurationList section */
		4DFA96A129CDE4EE007116CF /* Build configuration list for PBXProject "MapsIndoorsGettingStarted-Google" */ = {
			isa = XCConfigurationList;
			buildConfigurations = (
				4DFA96B829CDE4F0007116CF /* Debug */,
				4DFA96B929CDE4F0007116CF /* Release */,
			);
			defaultConfigurationIsVisible = 0;
			defaultConfigurationName = Release;
		};
		4DFA96BA29CDE4F0007116CF /* Build configuration list for PBXNativeTarget "MapsIndoorsGettingStarted-Google" */ = {
			isa = XCConfigurationList;
			buildConfigurations = (
				4DFA96BB29CDE4F0007116CF /* Debug */,
				4DFA96BC29CDE4F0007116CF /* Release */,
			);
			defaultConfigurationIsVisible = 0;
			defaultConfigurationName = Release;
		};
/* End XCConfigurationList section */
	};
	rootObject = 4DFA969E29CDE4EE007116CF /* Project object */;
}
